// !$*UTF8*$!
{
	archiveVersion = 1;
	classes = {
	};
	objectVersion = 46;
	objects = {

/* Begin PBXBuildFile section */
		4D0769DF1F63A61900DCDC2C /* AppDelegate.swift in Sources */ = {isa = PBXBuildFile; fileRef = 4D0769DE1F63A61900DCDC2C /* AppDelegate.swift */; };
		4D0769E11F63A61900DCDC2C /* ViewController.swift in Sources */ = {isa = PBXBuildFile; fileRef = 4D0769E01F63A61900DCDC2C /* ViewController.swift */; };
		4D0769E41F63A61900DCDC2C /* Main.storyboard in Resources */ = {isa = PBXBuildFile; fileRef = 4D0769E21F63A61900DCDC2C /* Main.storyboard */; };
		4D0769E61F63A61900DCDC2C /* Assets.xcassets in Resources */ = {isa = PBXBuildFile; fileRef = 4D0769E51F63A61900DCDC2C /* Assets.xcassets */; };
		4D0769E91F63A61900DCDC2C /* LaunchScreen.storyboard in Resources */ = {isa = PBXBuildFile; fileRef = 4D0769E71F63A61900DCDC2C /* LaunchScreen.storyboard */; };
		4D0769F11F63A95600DCDC2C /* MyCollectionViewCell.swift in Sources */ = {isa = PBXBuildFile; fileRef = 4D0769F01F63A95600DCDC2C /* MyCollectionViewCell.swift */; };
/* End PBXBuildFile section */

/* Begin PBXFileReference section */
		4D0769DB1F63A61900DCDC2C /* MyCollectionViewDemo.app */ = {isa = PBXFileReference; explicitFileType = wrapper.application; includeInIndex = 0; path = MyCollectionViewDemo.app; sourceTree = BUILT_PRODUCTS_DIR; };
		4D0769DE1F63A61900DCDC2C /* AppDelegate.swift */ = {isa = PBXFileReference; lastKnownFileType = sourcecode.swift; path = AppDelegate.swift; sourceTree = "<group>"; };
		4D0769E01F63A61900DCDC2C /* ViewController.swift */ = {isa = PBXFileReference; lastKnownFileType = sourcecode.swift; path = ViewController.swift; sourceTree = "<group>"; };
		4D0769E31F63A61900DCDC2C /* Base */ = {isa = PBXFileReference; lastKnownFileType = file.storyboard; name = Base; path = Base.lproj/Main.storyboard; sourceTree = "<group>"; };
		4D0769E51F63A61900DCDC2C /* Assets.xcassets */ = {isa = PBXFileReference; lastKnownFileType = folder.assetcatalog; path = Assets.xcassets; sourceTree = "<group>"; };
		4D0769E81F63A61900DCDC2C /* Base */ = {isa = PBXFileReference; lastKnownFileType = file.storyboard; name = Base; path = Base.lproj/LaunchScreen.storyboard; sourceTree = "<group>"; };
		4D0769EA1F63A61900DCDC2C /* Info.plist */ = {isa = PBXFileReference; lastKnownFileType = text.plist.xml; path = Info.plist; sourceTree = "<group>"; };
		4D0769F01F63A95600DCDC2C /* MyCollectionViewCell.swift */ = {isa = PBXFileReference; fileEncoding = 4; lastKnownFileType = sourcecode.swift; path = MyCollectionViewCell.swift; sourceTree = "<group>"; };
/* End PBXFileReference section */

/* Begin PBXFrameworksBuildPhase section */
		4D0769D81F63A61900DCDC2C /* Frameworks */ = {
			isa = PBXFrameworksBuildPhase;
			buildActionMask = 2147483647;
			files = (
			);
			runOnlyForDeploymentPostprocessing = 0;
		};
/* End PBXFrameworksBuildPhase section */

/* Begin PBXGroup section */
		4D0769D21F63A61900DCDC2C = {
			isa = PBXGroup;
			children = (
				4D0769DD1F63A61900DCDC2C /* MyCollectionViewDemo */,
				4D0769DC1F63A61900DCDC2C /* Products */,
			);
			sourceTree = "<group>";
		};
		4D0769DC1F63A61900DCDC2C /* Products */ = {
			isa = PBXGroup;
			children = (
				4D0769DB1F63A61900DCDC2C /* MyCollectionViewDemo.app */,
			);
			name = Products;
			sourceTree = "<group>";
		};
		4D0769DD1F63A61900DCDC2C /* MyCollectionViewDemo */ = {
			isa = PBXGroup;
			children = (
				4D0769DE1F63A61900DCDC2C /* AppDelegate.swift */,
				4D0769E01F63A61900DCDC2C /* ViewController.swift */,
				4D0769E21F63A61900DCDC2C /* Main.storyboard */,
				4D0769F01F63A95600DCDC2C /* MyCollectionViewCell.swift */,
				4D0769E51F63A61900DCDC2C /* Assets.xcassets */,
				4D0769E71F63A61900DCDC2C /* LaunchScreen.storyboard */,
				4D0769EA1F63A61900DCDC2C /* Info.plist */,
			);
			path = MyCollectionViewDemo;
			sourceTree = "<group>";
		};
/* End PBXGroup section */

/* Begin PBXNativeTarget section */
		4D0769DA1F63A61900DCDC2C /* MyCollectionViewDemo */ = {
			isa = PBXNativeTarget;
			buildConfigurationList = 4D0769ED1F63A61900DCDC2C /* Build configuration list for PBXNativeTarget "MyCollectionViewDemo" */;
			buildPhases = (
				4D0769D71F63A61900DCDC2C /* Sources */,
				4D0769D81F63A61900DCDC2C /* Frameworks */,
				4D0769D91F63A61900DCDC2C /* Resources */,
			);
			buildRules = (
			);
			dependencies = (
			);
			name = MyCollectionViewDemo;
			productName = MyCollectionViewDemo;
			productReference = 4D0769DB1F63A61900DCDC2C /* MyCollectionViewDemo.app */;
			productType = "com.apple.product-type.application";
		};
/* End PBXNativeTarget section */

/* Begin PBXProject section */
		4D0769D31F63A61900DCDC2C /* Project object */ = {
			isa = PBXProject;
			attributes = {
				LastSwiftUpdateCheck = 0830;
				LastUpgradeCheck = 0830;
				ORGANIZATIONNAME = "Dilip Kumar Gupta";
				TargetAttributes = {
					4D0769DA1F63A61900DCDC2C = {
						CreatedOnToolsVersion = 8.3.1;
						ProvisioningStyle = Automatic;
					};
				};
			};
			buildConfigurationList = 4D0769D61F63A61900DCDC2C /* Build configuration list for PBXProject "MyCollectionViewDemo" */;
			compatibilityVersion = "Xcode 3.2";
			developmentRegion = English;
			hasScannedForEncodings = 0;
			knownRegions = (
				en,
				Base,
			);
			mainGroup = 4D0769D21F63A61900DCDC2C;
			productRefGroup = 4D0769DC1F63A61900DCDC2C /* Products */;
			projectDirPath = "";
			projectRoot = "";
			targets = (
				4D0769DA1F63A61900DCDC2C /* MyCollectionViewDemo */,
			);
		};
/* End PBXProject section */

/* Begin PBXResourcesBuildPhase section */
		4D0769D91F63A61900DCDC2C /* Resources */ = {
			isa = PBXResourcesBuildPhase;
			buildActionMask = 2147483647;
			files = (
				4D0769E91F63A61900DCDC2C /* LaunchScreen.storyboard in Resources */,
				4D0769E61F63A61900DCDC2C /* Assets.xcassets in Resources */,
				4D0769E41F63A61900DCDC2C /* Main.storyboard in Resources */,
			);
			runOnlyForDeploymentPostprocessing = 0;
		};
/* End PBXResourcesBuildPhase section */

/* Begin PBXSourcesBuildPhase section */
		4D0769D71F63A61900DCDC2C /* Sources */ = {
			isa = PBXSourcesBuildPhase;
			buildActionMask = 2147483647;
			files = (
				4D0769E11F63A61900DCDC2C /* ViewController.swift in Sources */,
				4D0769DF1F63A61900DCDC2C /* AppDelegate.swift in Sources */,
				4D0769F11F63A95600DCDC2C /* MyCollectionViewCell.swift in Sources */,
			);
			runOnlyForDeploymentPostprocessing = 0;
		};
/* End PBXSourcesBuildPhase section */

/* Begin PBXVariantGroup section */
		4D0769E21F63A61900DCDC2C /* Main.storyboard */ = {
			isa = PBXVariantGroup;
			children = (
				4D0769E31F63A61900DCDC2C /* Base */,
			);
			name = Main.storyboard;
			sourceTree = "<group>";
		};
		4D0769E71F63A61900DCDC2C /* LaunchScreen.storyboard */ = {
			isa = PBXVariantGroup;
			children = (
				4D0769E81F63A61900DCDC2C /* Base */,
			);
			name = LaunchScreen.storyboard;
			sourceTree = "<group>";
		};
/* End PBXVariantGroup section */

/* Begin XCBuildConfiguration section */
		4D0769EB1F63A61900DCDC2C /* Debug */ = {
			isa = XCBuildConfiguration;
			buildSettings = {
				ALWAYS_SEARCH_USER_PATHS = NO;
				CLANG_ANALYZER_NONNULL = YES;
				CLANG_ANALYZER_NUMBER_OBJECT_CONVERSION = YES_AGGRESSIVE;
				CLANG_CXX_LANGUAGE_STANDARD = "gnu++0x";
				CLANG_CXX_LIBRARY = "libc++";
				CLANG_ENABLE_MODULES = YES;
				CLANG_ENABLE_OBJC_ARC = YES;
				CLANG_WARN_BOOL_CONVERSION = YES;
				CLANG_WARN_CONSTANT_CONVERSION = YES;
				CLANG_WARN_DIRECT_OBJC_ISA_USAGE = YES_ERROR;
				CLANG_WARN_DOCUMENTATION_COMMENTS = YES;
				CLANG_WARN_EMPTY_BODY = YES;
				CLANG_WARN_ENUM_CONVERSION = YES;
				CLANG_WARN_INFINITE_RECURSION = YES;
				CLANG_WARN_INT_CONVERSION = YES;
				CLANG_WARN_OBJC_ROOT_CLASS = YES_ERROR;
				CLANG_WARN_SUSPICIOUS_MOVE = YES;
				CLANG_WARN_UNREACHABLE_CODE = YES;
				CLANG_WARN__DUPLICATE_METHOD_MATCH = YES;
				"CODE_SIGN_IDENTITY[sdk=iphoneos*]" = "iPhone Developer";
				COPY_PHASE_STRIP = NO;
				DEBUG_INFORMATION_FORMAT = dwarf;
				ENABLE_STRICT_OBJC_MSGSEND = YES;
				ENABLE_TESTABILITY = YES;
				GCC_C_LANGUAGE_STANDARD = gnu99;
				GCC_DYNAMIC_NO_PIC = NO;
				GCC_NO_COMMON_BLOCKS = YES;
				GCC_OPTIMIZATION_LEVEL = 0;
				GCC_PREPROCESSOR_DEFINITIONS = (
					"DEBUG=1",
					"$(inherited)",
				);
				GCC_WARN_64_TO_32_BIT_CONVERSION = YES;
				GCC_WARN_ABOUT_RETURN_TYPE = YES_ERROR;
				GCC_WARN_UNDECLARED_SELECTOR = YES;
				GCC_WARN_UNINITIALIZED_AUTOS = YES_AGGRESSIVE;
				GCC_WARN_UNUSED_FUNCTION = YES;
				GCC_WARN_UNUSED_VARIABLE = YES;
				IPHONEOS_DEPLOYMENT_TARGET = 10.3;
				MTL_ENABLE_DEBUG_INFO = YES;
				ONLY_ACTIVE_ARCH = YES;
				SDKROOT = iphoneos;
				SWIFT_ACTIVE_COMPILATION_CONDITIONS = DEBUG;
				SWIFT_OPTIMIZATION_LEVEL = "-Onone";
				TARGETED_DEVICE_FAMILY = "1,2";
			};
			name = Debug;
		};
		4D0769EC1F63A61900DCDC2C /* Release */ = {
			isa = XCBuildConfiguration;
			buildSettings = {
				ALWAYS_SEARCH_USER_PATHS = NO;
				CLANG_ANALYZER_NONNULL = YES;
				CLANG_ANALYZER_NUMBER_OBJECT_CONVERSION = YES_AGGRESSIVE;
				CLANG_CXX_LANGUAGE_STANDARD = "gnu++0x";
				CLANG_CXX_LIBRARY = "libc++";
				CLANG_ENABLE_MODULES = YES;
				CLANG_ENABLE_OBJC_ARC = YES;
				CLANG_WARN_BOOL_CONVERSION = YES;
				CLANG_WARN_CONSTANT_CONVERSION = YES;
				CLANG_WARN_DIRECT_OBJC_ISA_USAGE = YES_ERROR;
				CLANG_WARN_DOCUMENTATION_COMMENTS = YES;
				CLANG_WARN_EMPTY_BODY = YES;
				CLANG_WARN_ENUM_CONVERSION = YES;
				CLANG_WARN_INFINITE_RECURSION = YES;
				CLANG_WARN_INT_CONVERSION = YES;
				CLANG_WARN_OBJC_ROOT_CLASS = YES_ERROR;
				CLANG_WARN_SUSPICIOUS_MOVE = YES;
				CLANG_WARN_UNREACHABLE_CODE = YES;
				CLANG_WARN__DUPLICATE_METHOD_MATCH = YES;
				"CODE_SIGN_IDENTITY[sdk=iphoneos*]" = "iPhone Developer";
				COPY_PHASE_STRIP = NO;
				DEBUG_INFORMATION_FORMAT = "dwarf-with-dsym";
				ENABLE_NS_ASSERTIONS = NO;
				ENABLE_STRICT_OBJC_MSGSEND = YES;
				GCC_C_LANGUAGE_STANDARD = gnu99;
				GCC_NO_COMMON_BLOCKS = YES;
				GCC_WARN_64_TO_32_BIT_CONVERSION = YES;
				GCC_WARN_ABOUT_RETURN_TYPE = YES_ERROR;
				GCC_WARN_UNDECLARED_SELECTOR = YES;
				GCC_WARN_UNINITIALIZED_AUTOS = YES_AGGRESSIVE;
				GCC_WARN_UNUSED_FUNCTION = YES;
				GCC_WARN_UNUSED_VARIABLE = YES;
				IPHONEOS_DEPLOYMENT_TARGET = 10.3;
				MTL_ENABLE_DEBUG_INFO = NO;
				SDKROOT = iphoneos;
				SWIFT_OPTIMIZATION_LEVEL = "-Owholemodule";
				TARGETED_DEVICE_FAMILY = "1,2";
				VALIDATE_PRODUCT = YES;
			};
			name = Release;
		};
		4D0769EE1F63A61900DCDC2C /* Debug */ = {
			isa = XCBuildConfiguration;
			buildSettings = {
				ASSETCATALOG_COMPILER_APPICON_NAME = AppIcon;
				INFOPLIST_FILE = MyCollectionViewDemo/Info.plist;
				LD_RUNPATH_SEARCH_PATHS = "$(inherited) @executable_path/Frameworks";
				PRODUCT_BUNDLE_IDENTIFIER = server.com.MyCollectionViewDemo;
				PRODUCT_NAME = "$(TARGET_NAME)";
				SWIFT_VERSION = 3.0;
			};
			name = Debug;
		};
		4D0769EF1F63A61900DCDC2C /* Release */ = {
			isa = XCBuildConfiguration;
			buildSettings = {
				ASSETCATALOG_COMPILER_APPICON_NAME = AppIcon;
				INFOPLIST_FILE = MyCollectionViewDemo/Info.plist;
				LD_RUNPATH_SEARCH_PATHS = "$(inherited) @executable_path/Frameworks";
				PRODUCT_BUNDLE_IDENTIFIER = server.com.MyCollectionViewDemo;
				PRODUCT_NAME = "$(TARGET_NAME)";
				SWIFT_VERSION = 3.0;
			};
			name = Release;
		};
/* End XCBuildConfiguration section */

/* Begin XCConfigurationList section */
		4D0769D61F63A61900DCDC2C /* Build configuration list for PBXProject "MyCollectionViewDemo" */ = {
			isa = XCConfigurationList;
			buildConfigurations = (
				4D0769EB1F63A61900DCDC2C /* Debug */,
				4D0769EC1F63A61900DCDC2C /* Release */,
			);
			defaultConfigurationIsVisible = 0;
			defaultConfigurationName = Release;
		};
		4D0769ED1F63A61900DCDC2C /* Build configuration list for PBXNativeTarget "MyCollectionViewDemo" */ = {
			isa = XCConfigurationList;
			buildConfigurations = (
				4D0769EE1F63A61900DCDC2C /* Debug */,
				4D0769EF1F63A61900DCDC2C /* Release */,
			);
			defaultConfigurationIsVisible = 0;
		};
/* End XCConfigurationList section */
	};
	rootObject = 4D0769D31F63A61900DCDC2C /* Project object */;
}
